// !$*UTF8*$!
{
	archiveVersion = 1;
	classes = {
	};
	objectVersion = 56;
	objects = {

/* Begin PBXBuildFile section */
		328D53952B12DFB300BA49C7 /* SideMenuButtonView.swift in Sources */ = {isa = PBXBuildFile; fileRef = 328D53942B12DFB300BA49C7 /* SideMenuButtonView.swift */; };
		328D53972B12F65800BA49C7 /* HomeView.swift in Sources */ = {isa = PBXBuildFile; fileRef = 328D53962B12F65800BA49C7 /* HomeView.swift */; };
		328D53992B12F66600BA49C7 /* SpaceView.swift in Sources */ = {isa = PBXBuildFile; fileRef = 328D53982B12F66600BA49C7 /* SpaceView.swift */; };
		328D539B2B12F67300BA49C7 /* CalendarView.swift in Sources */ = {isa = PBXBuildFile; fileRef = 328D539A2B12F67300BA49C7 /* CalendarView.swift */; };
		328D539D2B12FED100BA49C7 /* SpaceDetailView.swift in Sources */ = {isa = PBXBuildFile; fileRef = 328D539C2B12FED100BA49C7 /* SpaceDetailView.swift */; };
		328D539F2B12FF9400BA49C7 /* SpaceCardView.swift in Sources */ = {isa = PBXBuildFile; fileRef = 328D539E2B12FF9400BA49C7 /* SpaceCardView.swift */; };
		328D53A12B13762500BA49C7 /* Space.swift in Sources */ = {isa = PBXBuildFile; fileRef = 328D53A02B13762500BA49C7 /* Space.swift */; };
		328D53A32B13836300BA49C7 /* SpaceSliderView.swift in Sources */ = {isa = PBXBuildFile; fileRef = 328D53A22B13836300BA49C7 /* SpaceSliderView.swift */; };
		328D53A52B1389E900BA49C7 /* SpaceSlideCardView.swift in Sources */ = {isa = PBXBuildFile; fileRef = 328D53A42B1389E900BA49C7 /* SpaceSlideCardView.swift */; };
		328D53A72B1399CB00BA49C7 /* PublicationCardView.swift in Sources */ = {isa = PBXBuildFile; fileRef = 328D53A62B1399CB00BA49C7 /* PublicationCardView.swift */; };
		328D53A92B139C9900BA49C7 /* Publication.swift in Sources */ = {isa = PBXBuildFile; fileRef = 328D53A82B139C9900BA49C7 /* Publication.swift */; };
		328D53AB2B14211E00BA49C7 /* PublicationDetailView.swift in Sources */ = {isa = PBXBuildFile; fileRef = 328D53AA2B14211E00BA49C7 /* PublicationDetailView.swift */; };
		4967A8482B0F4B2D00EDA815 /* ChatApp.swift in Sources */ = {isa = PBXBuildFile; fileRef = 4967A8472B0F4B2D00EDA815 /* ChatApp.swift */; };
		4967A84A2B0F4B2D00EDA815 /* ContentView.swift in Sources */ = {isa = PBXBuildFile; fileRef = 4967A8492B0F4B2D00EDA815 /* ContentView.swift */; };
		4967A84C2B0F4B2E00EDA815 /* Assets.xcassets in Resources */ = {isa = PBXBuildFile; fileRef = 4967A84B2B0F4B2E00EDA815 /* Assets.xcassets */; };
		4967A84F2B0F4B2E00EDA815 /* Preview Assets.xcassets in Resources */ = {isa = PBXBuildFile; fileRef = 4967A84E2B0F4B2E00EDA815 /* Preview Assets.xcassets */; };
		4967A8562B0F4C0700EDA815 /* .gitignore in Resources */ = {isa = PBXBuildFile; fileRef = 4967A8552B0F4C0700EDA815 /* .gitignore */; };
		498C3D092B0FB48D00EF74E6 /* FirebaseAuth in Frameworks */ = {isa = PBXBuildFile; productRef = 498C3D082B0FB48D00EF74E6 /* FirebaseAuth */; };
		498C3D0B2B0FB48D00EF74E6 /* FirebaseFirestore in Frameworks */ = {isa = PBXBuildFile; productRef = 498C3D0A2B0FB48D00EF74E6 /* FirebaseFirestore */; };
		498C3D6B2B1495A200EF74E6 /* ChatContactList.swift in Sources */ = {isa = PBXBuildFile; fileRef = 498C3D6A2B1495A200EF74E6 /* ChatContactList.swift */; };
		498C3D6D2B1495CC00EF74E6 /* ChatContact.swift in Sources */ = {isa = PBXBuildFile; fileRef = 498C3D6C2B1495CC00EF74E6 /* ChatContact.swift */; };
		498C3D712B14AC2400EF74E6 /* PasswordlessLoginView.swift in Sources */ = {isa = PBXBuildFile; fileRef = 498C3D702B14AC2400EF74E6 /* PasswordlessLoginView.swift */; };
		498C3D742B14C03900EF74E6 /* .gitattributes in Resources */ = {isa = PBXBuildFile; fileRef = 498C3D732B14C03900EF74E6 /* .gitattributes */; };
		647AEFF32B0F764500C70099 /* GoogleService-Info.plist in Resources */ = {isa = PBXBuildFile; fileRef = 647AEFF22B0F764500C70099 /* GoogleService-Info.plist */; };
		647AEFF92B0F783900C70099 /* User.swift in Sources */ = {isa = PBXBuildFile; fileRef = 647AEFF82B0F783900C70099 /* User.swift */; };
		647AEFFB2B0F785400C70099 /* Message.swift in Sources */ = {isa = PBXBuildFile; fileRef = 647AEFFA2B0F785400C70099 /* Message.swift */; };
		647AF0172B0F835500C70099 /* LoginView.swift in Sources */ = {isa = PBXBuildFile; fileRef = 647AF0162B0F835500C70099 /* LoginView.swift */; };
		647AF01A2B0F839700C70099 /* AuthService.swift in Sources */ = {isa = PBXBuildFile; fileRef = 647AF0192B0F839700C70099 /* AuthService.swift */; };
		64B48BCD2B1093E100864377 /* ChatView.swift in Sources */ = {isa = PBXBuildFile; fileRef = 64B48BCC2B1093E100864377 /* ChatView.swift */; };
		64B48BCF2B1093EA00864377 /* MainTabView.swift in Sources */ = {isa = PBXBuildFile; fileRef = 64B48BCE2B1093EA00864377 /* MainTabView.swift */; };
		64B48BD42B10947900864377 /* AuthViewModel.swift in Sources */ = {isa = PBXBuildFile; fileRef = 64B48BD12B10947900864377 /* AuthViewModel.swift */; };
		64B48BD52B10947900864377 /* ChatViewModel.swift in Sources */ = {isa = PBXBuildFile; fileRef = 64B48BD22B10947900864377 /* ChatViewModel.swift */; };
		64B48BD62B10947900864377 /* LoginViewModel.swift in Sources */ = {isa = PBXBuildFile; fileRef = 64B48BD32B10947900864377 /* LoginViewModel.swift */; };
		64B48BD92B109A9800864377 /* Colors.swift in Sources */ = {isa = PBXBuildFile; fileRef = 64B48BD82B109A9800864377 /* Colors.swift */; };
		64B48BDB2B109ECA00864377 /* ToolbarModifier.swift in Sources */ = {isa = PBXBuildFile; fileRef = 64B48BDA2B109ECA00864377 /* ToolbarModifier.swift */; };
		64B48BDD2B10CC7700864377 /* SideMenuView.swift in Sources */ = {isa = PBXBuildFile; fileRef = 64B48BDC2B10CC7700864377 /* SideMenuView.swift */; };
/* End PBXBuildFile section */

/* Begin PBXFileReference section */
		328D53942B12DFB300BA49C7 /* SideMenuButtonView.swift */ = {isa = PBXFileReference; lastKnownFileType = sourcecode.swift; path = SideMenuButtonView.swift; sourceTree = "<group>"; };
		328D53962B12F65800BA49C7 /* HomeView.swift */ = {isa = PBXFileReference; lastKnownFileType = sourcecode.swift; path = HomeView.swift; sourceTree = "<group>"; };
		328D53982B12F66600BA49C7 /* SpaceView.swift */ = {isa = PBXFileReference; lastKnownFileType = sourcecode.swift; path = SpaceView.swift; sourceTree = "<group>"; };
		328D539A2B12F67300BA49C7 /* CalendarView.swift */ = {isa = PBXFileReference; lastKnownFileType = sourcecode.swift; path = CalendarView.swift; sourceTree = "<group>"; };
		328D539C2B12FED100BA49C7 /* SpaceDetailView.swift */ = {isa = PBXFileReference; lastKnownFileType = sourcecode.swift; path = SpaceDetailView.swift; sourceTree = "<group>"; };
		328D539E2B12FF9400BA49C7 /* SpaceCardView.swift */ = {isa = PBXFileReference; lastKnownFileType = sourcecode.swift; path = SpaceCardView.swift; sourceTree = "<group>"; };
		328D53A02B13762500BA49C7 /* Space.swift */ = {isa = PBXFileReference; lastKnownFileType = sourcecode.swift; path = Space.swift; sourceTree = "<group>"; };
		328D53A22B13836300BA49C7 /* SpaceSliderView.swift */ = {isa = PBXFileReference; lastKnownFileType = sourcecode.swift; path = SpaceSliderView.swift; sourceTree = "<group>"; };
		328D53A42B1389E900BA49C7 /* SpaceSlideCardView.swift */ = {isa = PBXFileReference; lastKnownFileType = sourcecode.swift; path = SpaceSlideCardView.swift; sourceTree = "<group>"; };
		328D53A62B1399CB00BA49C7 /* PublicationCardView.swift */ = {isa = PBXFileReference; lastKnownFileType = sourcecode.swift; path = PublicationCardView.swift; sourceTree = "<group>"; };
		328D53A82B139C9900BA49C7 /* Publication.swift */ = {isa = PBXFileReference; lastKnownFileType = sourcecode.swift; path = Publication.swift; sourceTree = "<group>"; };
		328D53AA2B14211E00BA49C7 /* PublicationDetailView.swift */ = {isa = PBXFileReference; lastKnownFileType = sourcecode.swift; path = PublicationDetailView.swift; sourceTree = "<group>"; };
		4967A8442B0F4B2D00EDA815 /* Chat.app */ = {isa = PBXFileReference; explicitFileType = wrapper.application; includeInIndex = 0; path = Chat.app; sourceTree = BUILT_PRODUCTS_DIR; };
		4967A8472B0F4B2D00EDA815 /* ChatApp.swift */ = {isa = PBXFileReference; lastKnownFileType = sourcecode.swift; path = ChatApp.swift; sourceTree = "<group>"; };
		4967A8492B0F4B2D00EDA815 /* ContentView.swift */ = {isa = PBXFileReference; lastKnownFileType = sourcecode.swift; path = ContentView.swift; sourceTree = "<group>"; };
		4967A84B2B0F4B2E00EDA815 /* Assets.xcassets */ = {isa = PBXFileReference; lastKnownFileType = folder.assetcatalog; path = Assets.xcassets; sourceTree = "<group>"; };
		4967A84E2B0F4B2E00EDA815 /* Preview Assets.xcassets */ = {isa = PBXFileReference; lastKnownFileType = folder.assetcatalog; path = "Preview Assets.xcassets"; sourceTree = "<group>"; };
		4967A8552B0F4C0700EDA815 /* .gitignore */ = {isa = PBXFileReference; lastKnownFileType = text; path = .gitignore; sourceTree = "<group>"; };
		498C3D6A2B1495A200EF74E6 /* ChatContactList.swift */ = {isa = PBXFileReference; lastKnownFileType = sourcecode.swift; path = ChatContactList.swift; sourceTree = "<group>"; };
		498C3D6C2B1495CC00EF74E6 /* ChatContact.swift */ = {isa = PBXFileReference; lastKnownFileType = sourcecode.swift; path = ChatContact.swift; sourceTree = "<group>"; };
		498C3D702B14AC2400EF74E6 /* PasswordlessLoginView.swift */ = {isa = PBXFileReference; lastKnownFileType = sourcecode.swift; path = PasswordlessLoginView.swift; sourceTree = "<group>"; };
		498C3D732B14C03900EF74E6 /* .gitattributes */ = {isa = PBXFileReference; lastKnownFileType = text; path = .gitattributes; sourceTree = "<group>"; };
		647AEFF22B0F764500C70099 /* GoogleService-Info.plist */ = {isa = PBXFileReference; fileEncoding = 4; lastKnownFileType = text.plist.xml; path = "GoogleService-Info.plist"; sourceTree = "<group>"; };
		647AEFF82B0F783900C70099 /* User.swift */ = {isa = PBXFileReference; lastKnownFileType = sourcecode.swift; path = User.swift; sourceTree = "<group>"; };
		647AEFFA2B0F785400C70099 /* Message.swift */ = {isa = PBXFileReference; lastKnownFileType = sourcecode.swift; path = Message.swift; sourceTree = "<group>"; };
		647AF0162B0F835500C70099 /* LoginView.swift */ = {isa = PBXFileReference; lastKnownFileType = sourcecode.swift; path = LoginView.swift; sourceTree = "<group>"; };
		647AF0192B0F839700C70099 /* AuthService.swift */ = {isa = PBXFileReference; lastKnownFileType = sourcecode.swift; path = AuthService.swift; sourceTree = "<group>"; };
		64B48BCC2B1093E100864377 /* ChatView.swift */ = {isa = PBXFileReference; fileEncoding = 4; lastKnownFileType = sourcecode.swift; path = ChatView.swift; sourceTree = "<group>"; };
		64B48BCE2B1093EA00864377 /* MainTabView.swift */ = {isa = PBXFileReference; fileEncoding = 4; lastKnownFileType = sourcecode.swift; path = MainTabView.swift; sourceTree = "<group>"; };
		64B48BD12B10947900864377 /* AuthViewModel.swift */ = {isa = PBXFileReference; fileEncoding = 4; lastKnownFileType = sourcecode.swift; path = AuthViewModel.swift; sourceTree = "<group>"; };
		64B48BD22B10947900864377 /* ChatViewModel.swift */ = {isa = PBXFileReference; fileEncoding = 4; lastKnownFileType = sourcecode.swift; path = ChatViewModel.swift; sourceTree = "<group>"; };
		64B48BD32B10947900864377 /* LoginViewModel.swift */ = {isa = PBXFileReference; fileEncoding = 4; lastKnownFileType = sourcecode.swift; path = LoginViewModel.swift; sourceTree = "<group>"; };
		64B48BD82B109A9800864377 /* Colors.swift */ = {isa = PBXFileReference; lastKnownFileType = sourcecode.swift; path = Colors.swift; sourceTree = "<group>"; };
		64B48BDA2B109ECA00864377 /* ToolbarModifier.swift */ = {isa = PBXFileReference; lastKnownFileType = sourcecode.swift; path = ToolbarModifier.swift; sourceTree = "<group>"; };
		64B48BDC2B10CC7700864377 /* SideMenuView.swift */ = {isa = PBXFileReference; lastKnownFileType = sourcecode.swift; path = SideMenuView.swift; sourceTree = "<group>"; };
/* End PBXFileReference section */

/* Begin PBXFrameworksBuildPhase section */
		4967A8412B0F4B2D00EDA815 /* Frameworks */ = {
			isa = PBXFrameworksBuildPhase;
			buildActionMask = 2147483647;
			files = (
				498C3D092B0FB48D00EF74E6 /* FirebaseAuth in Frameworks */,
				498C3D0B2B0FB48D00EF74E6 /* FirebaseFirestore in Frameworks */,
			);
			runOnlyForDeploymentPostprocessing = 0;
		};
/* End PBXFrameworksBuildPhase section */

/* Begin PBXGroup section */
		4967A83B2B0F4B2D00EDA815 = {
			isa = PBXGroup;
			children = (
				498C3D732B14C03900EF74E6 /* .gitattributes */,
				4967A8552B0F4C0700EDA815 /* .gitignore */,
				4967A8462B0F4B2D00EDA815 /* Chat */,
				4967A8452B0F4B2D00EDA815 /* Products */,
			);
			sourceTree = "<group>";
		};
		4967A8452B0F4B2D00EDA815 /* Products */ = {
			isa = PBXGroup;
			children = (
				4967A8442B0F4B2D00EDA815 /* Chat.app */,
			);
			name = Products;
			sourceTree = "<group>";
		};
		4967A8462B0F4B2D00EDA815 /* Chat */ = {
			isa = PBXGroup;
			children = (
				4967A8472B0F4B2D00EDA815 /* ChatApp.swift */,
				4967A8492B0F4B2D00EDA815 /* ContentView.swift */,
				647AEFF42B0F779700C70099 /* Data */,
				647AEFF52B0F779E00C70099 /* Domain */,
				647AEFF62B0F77A500C70099 /* Presentation */,
				647AEFF22B0F764500C70099 /* GoogleService-Info.plist */,
				4967A84B2B0F4B2E00EDA815 /* Assets.xcassets */,
				4967A84D2B0F4B2E00EDA815 /* Preview Content */,
			);
			path = Chat;
			sourceTree = "<group>";
		};
		4967A84D2B0F4B2E00EDA815 /* Preview Content */ = {
			isa = PBXGroup;
			children = (
				4967A84E2B0F4B2E00EDA815 /* Preview Assets.xcassets */,
			);
			path = "Preview Content";
			sourceTree = "<group>";
		};
		498C3D722B14B18700EF74E6 /* Chat */ = {
			isa = PBXGroup;
			children = (
				498C3D6C2B1495CC00EF74E6 /* ChatContact.swift */,
			);
			path = Chat;
			sourceTree = "<group>";
		};
		647AEFF42B0F779700C70099 /* Data */ = {
			isa = PBXGroup;
			children = (
				647AF0182B0F838900C70099 /* Service */,
				647AEFF72B0F782600C70099 /* Models */,
			);
			path = Data;
			sourceTree = "<group>";
		};
		647AEFF52B0F779E00C70099 /* Domain */ = {
			isa = PBXGroup;
			children = (
			);
			path = Domain;
			sourceTree = "<group>";
		};
		647AEFF62B0F77A500C70099 /* Presentation */ = {
			isa = PBXGroup;
			children = (
				64B48BD72B109A8900864377 /* Components */,
				64B48BD02B10945100864377 /* ViewModel */,
				647AF0152B0F834000C70099 /* Views */,
			);
			path = Presentation;
			sourceTree = "<group>";
		};
		647AEFF72B0F782600C70099 /* Models */ = {
			isa = PBXGroup;
			children = (
				647AEFF82B0F783900C70099 /* User.swift */,
				647AEFFA2B0F785400C70099 /* Message.swift */,
				328D53A02B13762500BA49C7 /* Space.swift */,
				328D53A82B139C9900BA49C7 /* Publication.swift */,
			);
			path = Models;
			sourceTree = "<group>";
		};
		647AF0152B0F834000C70099 /* Views */ = {
			isa = PBXGroup;
			children = (
				647AF0162B0F835500C70099 /* LoginView.swift */,
				498C3D702B14AC2400EF74E6 /* PasswordlessLoginView.swift */,
				64B48BCC2B1093E100864377 /* ChatView.swift */,
				64B48BCE2B1093EA00864377 /* MainTabView.swift */,
				328D53962B12F65800BA49C7 /* HomeView.swift */,
				328D53982B12F66600BA49C7 /* SpaceView.swift */,
				328D539A2B12F67300BA49C7 /* CalendarView.swift */,
				328D539C2B12FED100BA49C7 /* SpaceDetailView.swift */,
				498C3D6A2B1495A200EF74E6 /* ChatContactList.swift */,
				328D53AA2B14211E00BA49C7 /* PublicationDetailView.swift */,
			);
			path = Views;
			sourceTree = "<group>";
		};
		647AF0182B0F838900C70099 /* Service */ = {
			isa = PBXGroup;
			children = (
				647AF0192B0F839700C70099 /* AuthService.swift */,
			);
			path = Service;
			sourceTree = "<group>";
		};
		64B48BD02B10945100864377 /* ViewModel */ = {
			isa = PBXGroup;
			children = (
				64B48BD12B10947900864377 /* AuthViewModel.swift */,
				64B48BD22B10947900864377 /* ChatViewModel.swift */,
				64B48BD32B10947900864377 /* LoginViewModel.swift */,
			);
			path = ViewModel;
			sourceTree = "<group>";
		};
		64B48BD72B109A8900864377 /* Components */ = {
			isa = PBXGroup;
			children = (
				498C3D722B14B18700EF74E6 /* Chat */,
				64B48BD82B109A9800864377 /* Colors.swift */,
				64B48BDA2B109ECA00864377 /* ToolbarModifier.swift */,
				64B48BDC2B10CC7700864377 /* SideMenuView.swift */,
				328D53942B12DFB300BA49C7 /* SideMenuButtonView.swift */,
				328D539E2B12FF9400BA49C7 /* SpaceCardView.swift */,
				328D53A22B13836300BA49C7 /* SpaceSliderView.swift */,
				328D53A42B1389E900BA49C7 /* SpaceSlideCardView.swift */,
				328D53A62B1399CB00BA49C7 /* PublicationCardView.swift */,
			);
			path = Components;
			sourceTree = "<group>";
		};
/* End PBXGroup section */

/* Begin PBXNativeTarget section */
		4967A8432B0F4B2D00EDA815 /* Chat */ = {
			isa = PBXNativeTarget;
			buildConfigurationList = 4967A8522B0F4B2E00EDA815 /* Build configuration list for PBXNativeTarget "Chat" */;
			buildPhases = (
				4967A8402B0F4B2D00EDA815 /* Sources */,
				4967A8412B0F4B2D00EDA815 /* Frameworks */,
				4967A8422B0F4B2D00EDA815 /* Resources */,
			);
			buildRules = (
			);
			dependencies = (
			);
			name = Chat;
			packageProductDependencies = (
				498C3D082B0FB48D00EF74E6 /* FirebaseAuth */,
				498C3D0A2B0FB48D00EF74E6 /* FirebaseFirestore */,
			);
			productName = Chat;
			productReference = 4967A8442B0F4B2D00EDA815 /* Chat.app */;
			productType = "com.apple.product-type.application";
		};
/* End PBXNativeTarget section */

/* Begin PBXProject section */
		4967A83C2B0F4B2D00EDA815 /* Project object */ = {
			isa = PBXProject;
			attributes = {
				BuildIndependentTargetsInParallel = 1;
				LastSwiftUpdateCheck = 1500;
				LastUpgradeCheck = 1500;
				TargetAttributes = {
					4967A8432B0F4B2D00EDA815 = {
						CreatedOnToolsVersion = 15.0.1;
					};
				};
			};
			buildConfigurationList = 4967A83F2B0F4B2D00EDA815 /* Build configuration list for PBXProject "Chat" */;
			compatibilityVersion = "Xcode 14.0";
			developmentRegion = en;
			hasScannedForEncodings = 0;
			knownRegions = (
				en,
				Base,
			);
			mainGroup = 4967A83B2B0F4B2D00EDA815;
			packageReferences = (
				498C3D072B0FB48D00EF74E6 /* XCRemoteSwiftPackageReference "firebase-ios-sdk" */,
			);
			productRefGroup = 4967A8452B0F4B2D00EDA815 /* Products */;
			projectDirPath = "";
			projectRoot = "";
			targets = (
				4967A8432B0F4B2D00EDA815 /* Chat */,
			);
		};
/* End PBXProject section */

/* Begin PBXResourcesBuildPhase section */
		4967A8422B0F4B2D00EDA815 /* Resources */ = {
			isa = PBXResourcesBuildPhase;
			buildActionMask = 2147483647;
			files = (
				498C3D742B14C03900EF74E6 /* .gitattributes in Resources */,
				4967A84F2B0F4B2E00EDA815 /* Preview Assets.xcassets in Resources */,
				647AEFF32B0F764500C70099 /* GoogleService-Info.plist in Resources */,
				4967A8562B0F4C0700EDA815 /* .gitignore in Resources */,
				4967A84C2B0F4B2E00EDA815 /* Assets.xcassets in Resources */,
			);
			runOnlyForDeploymentPostprocessing = 0;
		};
/* End PBXResourcesBuildPhase section */

/* Begin PBXSourcesBuildPhase section */
		4967A8402B0F4B2D00EDA815 /* Sources */ = {
			isa = PBXSourcesBuildPhase;
			buildActionMask = 2147483647;
			files = (
				328D539D2B12FED100BA49C7 /* SpaceDetailView.swift in Sources */,
				4967A84A2B0F4B2D00EDA815 /* ContentView.swift in Sources */,
				328D53A12B13762500BA49C7 /* Space.swift in Sources */,
				64B48BD92B109A9800864377 /* Colors.swift in Sources */,
				328D53A52B1389E900BA49C7 /* SpaceSlideCardView.swift in Sources */,
				328D539F2B12FF9400BA49C7 /* SpaceCardView.swift in Sources */,
				647AEFFB2B0F785400C70099 /* Message.swift in Sources */,
				64B48BD62B10947900864377 /* LoginViewModel.swift in Sources */,
				4967A8482B0F4B2D00EDA815 /* ChatApp.swift in Sources */,
				328D53A32B13836300BA49C7 /* SpaceSliderView.swift in Sources */,
				498C3D6B2B1495A200EF74E6 /* ChatContactList.swift in Sources */,
				64B48BCF2B1093EA00864377 /* MainTabView.swift in Sources */,
				647AF01A2B0F839700C70099 /* AuthService.swift in Sources */,
				64B48BCD2B1093E100864377 /* ChatView.swift in Sources */,
				64B48BDD2B10CC7700864377 /* SideMenuView.swift in Sources */,
				498C3D6D2B1495CC00EF74E6 /* ChatContact.swift in Sources */,
				328D53952B12DFB300BA49C7 /* SideMenuButtonView.swift in Sources */,
				647AF0172B0F835500C70099 /* LoginView.swift in Sources */,
				647AEFF92B0F783900C70099 /* User.swift in Sources */,
				64B48BD52B10947900864377 /* ChatViewModel.swift in Sources */,
				328D53972B12F65800BA49C7 /* HomeView.swift in Sources */,
				328D539B2B12F67300BA49C7 /* CalendarView.swift in Sources */,
				64B48BD42B10947900864377 /* AuthViewModel.swift in Sources */,
				328D53A92B139C9900BA49C7 /* Publication.swift in Sources */,
				498C3D712B14AC2400EF74E6 /* PasswordlessLoginView.swift in Sources */,
				328D53AB2B14211E00BA49C7 /* PublicationDetailView.swift in Sources */,
				328D53A72B1399CB00BA49C7 /* PublicationCardView.swift in Sources */,
				328D53992B12F66600BA49C7 /* SpaceView.swift in Sources */,
				64B48BDB2B109ECA00864377 /* ToolbarModifier.swift in Sources */,
			);
			runOnlyForDeploymentPostprocessing = 0;
		};
/* End PBXSourcesBuildPhase section */

/* Begin XCBuildConfiguration section */
		4967A8502B0F4B2E00EDA815 /* Debug */ = {
			isa = XCBuildConfiguration;
			buildSettings = {
				ALWAYS_SEARCH_USER_PATHS = NO;
				ASSETCATALOG_COMPILER_GENERATE_SWIFT_ASSET_SYMBOL_EXTENSIONS = YES;
				CLANG_ANALYZER_NONNULL = YES;
				CLANG_ANALYZER_NUMBER_OBJECT_CONVERSION = YES_AGGRESSIVE;
				CLANG_CXX_LANGUAGE_STANDARD = "gnu++20";
				CLANG_ENABLE_MODULES = YES;
				CLANG_ENABLE_OBJC_ARC = YES;
				CLANG_ENABLE_OBJC_WEAK = YES;
				CLANG_WARN_BLOCK_CAPTURE_AUTORELEASING = YES;
				CLANG_WARN_BOOL_CONVERSION = YES;
				CLANG_WARN_COMMA = YES;
				CLANG_WARN_CONSTANT_CONVERSION = YES;
				CLANG_WARN_DEPRECATED_OBJC_IMPLEMENTATIONS = YES;
				CLANG_WARN_DIRECT_OBJC_ISA_USAGE = YES_ERROR;
				CLANG_WARN_DOCUMENTATION_COMMENTS = YES;
				CLANG_WARN_EMPTY_BODY = YES;
				CLANG_WARN_ENUM_CONVERSION = YES;
				CLANG_WARN_INFINITE_RECURSION = YES;
				CLANG_WARN_INT_CONVERSION = YES;
				CLANG_WARN_NON_LITERAL_NULL_CONVERSION = YES;
				CLANG_WARN_OBJC_IMPLICIT_RETAIN_SELF = YES;
				CLANG_WARN_OBJC_LITERAL_CONVERSION = YES;
				CLANG_WARN_OBJC_ROOT_CLASS = YES_ERROR;
				CLANG_WARN_QUOTED_INCLUDE_IN_FRAMEWORK_HEADER = YES;
				CLANG_WARN_RANGE_LOOP_ANALYSIS = YES;
				CLANG_WARN_STRICT_PROTOTYPES = YES;
				CLANG_WARN_SUSPICIOUS_MOVE = YES;
				CLANG_WARN_UNGUARDED_AVAILABILITY = YES_AGGRESSIVE;
				CLANG_WARN_UNREACHABLE_CODE = YES;
				CLANG_WARN__DUPLICATE_METHOD_MATCH = YES;
				COPY_PHASE_STRIP = NO;
				DEBUG_INFORMATION_FORMAT = dwarf;
				ENABLE_STRICT_OBJC_MSGSEND = YES;
				ENABLE_TESTABILITY = YES;
				ENABLE_USER_SCRIPT_SANDBOXING = YES;
				GCC_C_LANGUAGE_STANDARD = gnu17;
				GCC_DYNAMIC_NO_PIC = NO;
				GCC_NO_COMMON_BLOCKS = YES;
				GCC_OPTIMIZATION_LEVEL = 0;
				GCC_PREPROCESSOR_DEFINITIONS = (
					"DEBUG=1",
					"$(inherited)",
				);
				GCC_WARN_64_TO_32_BIT_CONVERSION = YES;
				GCC_WARN_ABOUT_RETURN_TYPE = YES_ERROR;
				GCC_WARN_UNDECLARED_SELECTOR = YES;
				GCC_WARN_UNINITIALIZED_AUTOS = YES_AGGRESSIVE;
				GCC_WARN_UNUSED_FUNCTION = YES;
				GCC_WARN_UNUSED_VARIABLE = YES;
				IPHONEOS_DEPLOYMENT_TARGET = 17.0;
				LOCALIZATION_PREFERS_STRING_CATALOGS = YES;
				MTL_ENABLE_DEBUG_INFO = INCLUDE_SOURCE;
				MTL_FAST_MATH = YES;
				ONLY_ACTIVE_ARCH = YES;
				SDKROOT = iphoneos;
				SWIFT_ACTIVE_COMPILATION_CONDITIONS = "DEBUG $(inherited)";
				SWIFT_OPTIMIZATION_LEVEL = "-Onone";
			};
			name = Debug;
		};
		4967A8512B0F4B2E00EDA815 /* Release */ = {
			isa = XCBuildConfiguration;
			buildSettings = {
				ALWAYS_SEARCH_USER_PATHS = NO;
				ASSETCATALOG_COMPILER_GENERATE_SWIFT_ASSET_SYMBOL_EXTENSIONS = YES;
				CLANG_ANALYZER_NONNULL = YES;
				CLANG_ANALYZER_NUMBER_OBJECT_CONVERSION = YES_AGGRESSIVE;
				CLANG_CXX_LANGUAGE_STANDARD = "gnu++20";
				CLANG_ENABLE_MODULES = YES;
				CLANG_ENABLE_OBJC_ARC = YES;
				CLANG_ENABLE_OBJC_WEAK = YES;
				CLANG_WARN_BLOCK_CAPTURE_AUTORELEASING = YES;
				CLANG_WARN_BOOL_CONVERSION = YES;
				CLANG_WARN_COMMA = YES;
				CLANG_WARN_CONSTANT_CONVERSION = YES;
				CLANG_WARN_DEPRECATED_OBJC_IMPLEMENTATIONS = YES;
				CLANG_WARN_DIRECT_OBJC_ISA_USAGE = YES_ERROR;
				CLANG_WARN_DOCUMENTATION_COMMENTS = YES;
				CLANG_WARN_EMPTY_BODY = YES;
				CLANG_WARN_ENUM_CONVERSION = YES;
				CLANG_WARN_INFINITE_RECURSION = YES;
				CLANG_WARN_INT_CONVERSION = YES;
				CLANG_WARN_NON_LITERAL_NULL_CONVERSION = YES;
				CLANG_WARN_OBJC_IMPLICIT_RETAIN_SELF = YES;
				CLANG_WARN_OBJC_LITERAL_CONVERSION = YES;
				CLANG_WARN_OBJC_ROOT_CLASS = YES_ERROR;
				CLANG_WARN_QUOTED_INCLUDE_IN_FRAMEWORK_HEADER = YES;
				CLANG_WARN_RANGE_LOOP_ANALYSIS = YES;
				CLANG_WARN_STRICT_PROTOTYPES = YES;
				CLANG_WARN_SUSPICIOUS_MOVE = YES;
				CLANG_WARN_UNGUARDED_AVAILABILITY = YES_AGGRESSIVE;
				CLANG_WARN_UNREACHABLE_CODE = YES;
				CLANG_WARN__DUPLICATE_METHOD_MATCH = YES;
				COPY_PHASE_STRIP = NO;
				DEBUG_INFORMATION_FORMAT = "dwarf-with-dsym";
				ENABLE_NS_ASSERTIONS = NO;
				ENABLE_STRICT_OBJC_MSGSEND = YES;
				ENABLE_USER_SCRIPT_SANDBOXING = YES;
				GCC_C_LANGUAGE_STANDARD = gnu17;
				GCC_NO_COMMON_BLOCKS = YES;
				GCC_WARN_64_TO_32_BIT_CONVERSION = YES;
				GCC_WARN_ABOUT_RETURN_TYPE = YES_ERROR;
				GCC_WARN_UNDECLARED_SELECTOR = YES;
				GCC_WARN_UNINITIALIZED_AUTOS = YES_AGGRESSIVE;
				GCC_WARN_UNUSED_FUNCTION = YES;
				GCC_WARN_UNUSED_VARIABLE = YES;
				IPHONEOS_DEPLOYMENT_TARGET = 17.0;
				LOCALIZATION_PREFERS_STRING_CATALOGS = YES;
				MTL_ENABLE_DEBUG_INFO = NO;
				MTL_FAST_MATH = YES;
				SDKROOT = iphoneos;
				SWIFT_COMPILATION_MODE = wholemodule;
				VALIDATE_PRODUCT = YES;
			};
			name = Release;
		};
		4967A8532B0F4B2E00EDA815 /* Debug */ = {
			isa = XCBuildConfiguration;
			buildSettings = {
				ASSETCATALOG_COMPILER_APPICON_NAME = AppIcon;
				ASSETCATALOG_COMPILER_GLOBAL_ACCENT_COLOR_NAME = AccentColor;
				CODE_SIGN_STYLE = Automatic;
				CURRENT_PROJECT_VERSION = 1;
				DEVELOPMENT_ASSET_PATHS = "\"Chat/Preview Content\"";
				DEVELOPMENT_TEAM = 6SPQ2M446Y;
				ENABLE_PREVIEWS = YES;
				GENERATE_INFOPLIST_FILE = YES;
				INFOPLIST_KEY_UIApplicationSceneManifest_Generation = YES;
				INFOPLIST_KEY_UIApplicationSupportsIndirectInputEvents = YES;
				INFOPLIST_KEY_UILaunchScreen_Generation = YES;
				INFOPLIST_KEY_UISupportedInterfaceOrientations_iPad = "UIInterfaceOrientationPortrait UIInterfaceOrientationPortraitUpsideDown UIInterfaceOrientationLandscapeLeft UIInterfaceOrientationLandscapeRight";
				INFOPLIST_KEY_UISupportedInterfaceOrientations_iPhone = "UIInterfaceOrientationPortrait UIInterfaceOrientationLandscapeLeft UIInterfaceOrientationLandscapeRight";
				LD_RUNPATH_SEARCH_PATHS = (
					"$(inherited)",
					"@executable_path/Frameworks",
				);
				MARKETING_VERSION = 1.0;
				PRODUCT_BUNDLE_IDENTIFIER = com.test.Chat;
				PRODUCT_NAME = "$(TARGET_NAME)";
				SWIFT_EMIT_LOC_STRINGS = YES;
				SWIFT_VERSION = 5.0;
				TARGETED_DEVICE_FAMILY = "1,2";
			};
			name = Debug;
		};
		4967A8542B0F4B2E00EDA815 /* Release */ = {
			isa = XCBuildConfiguration;
			buildSettings = {
				ASSETCATALOG_COMPILER_APPICON_NAME = AppIcon;
				ASSETCATALOG_COMPILER_GLOBAL_ACCENT_COLOR_NAME = AccentColor;
				CODE_SIGN_STYLE = Automatic;
				CURRENT_PROJECT_VERSION = 1;
				DEVELOPMENT_ASSET_PATHS = "\"Chat/Preview Content\"";
				DEVELOPMENT_TEAM = 6SPQ2M446Y;
				ENABLE_PREVIEWS = YES;
				GENERATE_INFOPLIST_FILE = YES;
				INFOPLIST_KEY_UIApplicationSceneManifest_Generation = YES;
				INFOPLIST_KEY_UIApplicationSupportsIndirectInputEvents = YES;
				INFOPLIST_KEY_UILaunchScreen_Generation = YES;
				INFOPLIST_KEY_UISupportedInterfaceOrientations_iPad = "UIInterfaceOrientationPortrait UIInterfaceOrientationPortraitUpsideDown UIInterfaceOrientationLandscapeLeft UIInterfaceOrientationLandscapeRight";
				INFOPLIST_KEY_UISupportedInterfaceOrientations_iPhone = "UIInterfaceOrientationPortrait UIInterfaceOrientationLandscapeLeft UIInterfaceOrientationLandscapeRight";
				LD_RUNPATH_SEARCH_PATHS = (
					"$(inherited)",
					"@executable_path/Frameworks",
				);
				MARKETING_VERSION = 1.0;
				PRODUCT_BUNDLE_IDENTIFIER = com.test.Chat;
				PRODUCT_NAME = "$(TARGET_NAME)";
				SWIFT_EMIT_LOC_STRINGS = YES;
				SWIFT_VERSION = 5.0;
				TARGETED_DEVICE_FAMILY = "1,2";
			};
			name = Release;
		};
/* End XCBuildConfiguration section */

/* Begin XCConfigurationList section */
		4967A83F2B0F4B2D00EDA815 /* Build configuration list for PBXProject "Chat" */ = {
			isa = XCConfigurationList;
			buildConfigurations = (
				4967A8502B0F4B2E00EDA815 /* Debug */,
				4967A8512B0F4B2E00EDA815 /* Release */,
			);
			defaultConfigurationIsVisible = 0;
			defaultConfigurationName = Release;
		};
		4967A8522B0F4B2E00EDA815 /* Build configuration list for PBXNativeTarget "Chat" */ = {
			isa = XCConfigurationList;
			buildConfigurations = (
				4967A8532B0F4B2E00EDA815 /* Debug */,
				4967A8542B0F4B2E00EDA815 /* Release */,
			);
			defaultConfigurationIsVisible = 0;
			defaultConfigurationName = Release;
		};
/* End XCConfigurationList section */

/* Begin XCRemoteSwiftPackageReference section */
		498C3D072B0FB48D00EF74E6 /* XCRemoteSwiftPackageReference "firebase-ios-sdk" */ = {
			isa = XCRemoteSwiftPackageReference;
			repositoryURL = "https://github.com/firebase/firebase-ios-sdk";
			requirement = {
				kind = upToNextMajorVersion;
				minimumVersion = 10.18.0;
			};
		};
/* End XCRemoteSwiftPackageReference section */

/* Begin XCSwiftPackageProductDependency section */
		498C3D082B0FB48D00EF74E6 /* FirebaseAuth */ = {
			isa = XCSwiftPackageProductDependency;
			package = 498C3D072B0FB48D00EF74E6 /* XCRemoteSwiftPackageReference "firebase-ios-sdk" */;
			productName = FirebaseAuth;
		};
		498C3D0A2B0FB48D00EF74E6 /* FirebaseFirestore */ = {
			isa = XCSwiftPackageProductDependency;
			package = 498C3D072B0FB48D00EF74E6 /* XCRemoteSwiftPackageReference "firebase-ios-sdk" */;
			productName = FirebaseFirestore;
		};
/* End XCSwiftPackageProductDependency section */
	};
	rootObject = 4967A83C2B0F4B2D00EDA815 /* Project object */;
}
